
Microsoft Visual Studio Solution File, Format Version 12.00
# Visual Studio 14
VisualStudioVersion = 14.0.23107.0
MinimumVisualStudioVersion = 10.0.40219.1
Project("{FAE04EC0-301F-11D3-BF4B-00C04F79EFBC}") = "SortedStoringForm", "SortedStoringForm\SortedStoringForm.csproj", "{33512C50-852A-4430-A63C-93D018B2A148}"
EndProject
Project("{FAE04EC0-301F-11D3-BF4B-00C04F79EFBC}") = "Common", "Common\Common.csproj", "{1F7A4DB1-536B-456D-820A-3EFAA0CD9532}"
EndProject
Project("{FAE04EC0-301F-11D3-BF4B-00C04F79EFBC}") = "Model", "Model\Model.csproj", "{6A4BB786-B26E-4A0F-A0D1-04FF3724ADD1}"
EndProject
Project("{2150E333-8FDC-42A3-9474-1A3956D46DE8}") = "04Intrastructure", "04Intrastructure", "{1361EB28-277D-4087-928B-956FE8807298}"
EndProject
Project("{2150E333-8FDC-42A3-9474-1A3956D46DE8}") = "01UI", "01UI", "{93EB953A-6179-4238-81DF-12CC1D61B576}"
EndProject
Project("{2150E333-8FDC-42A3-9474-1A3956D46DE8}") = "02Service", "02Service", "{B786FF85-9545-4496-9A15-B2302C8626A7}"
EndProject
Project("{2150E333-8FDC-42A3-9474-1A3956D46DE8}") = "03Respositry", "03Respositry", "{F3AE6DA6-31EB-4B91-9581-286CDCA9E2AC}"
EndProject
Project("{FAE04EC0-301F-11D3-BF4B-00C04F79EFBC}") = "IOHelper", "IOHelper\IOHelper.csproj", "{0DDD6620-0991-43A2-9019-BEF66FE1FEEE}"
EndProject
Project("{FAE04EC0-301F-11D3-BF4B-00C04F79EFBC}") = "BLL", "BLL\BLL.csproj", "{52C7C851-70D9-429F-B870-A757D0CD5C74}"
EndProject
Project("{FAE04EC0-301F-11D3-BF4B-00C04F79EFBC}") = "DAL", "DAL\DAL.csproj", "{644E1B78-7145-482D-9BEE-4CEB3025F05F}"
EndProject
Project("{FAE04EC0-301F-11D3-BF4B-00C04F79EFBC}") = "IDAL", "IDAL\IDAL.csproj", "{62780DF6-DC3B-499C-B335-1947D364E398}"
EndProject
Global
	GlobalSection(SolutionConfigurationPlatforms) = preSolution
		Debug|Any CPU = Debug|Any CPU
		Release|Any CPU = Release|Any CPU
	EndGlobalSection
	GlobalSection(ProjectConfigurationPlatforms) = postSolution
		{33512C50-852A-4430-A63C-93D018B2A148}.Debug|Any CPU.ActiveCfg = Debug|Any CPU
		{33512C50-852A-4430-A63C-93D018B2A148}.Debug|Any CPU.Build.0 = Debug|Any CPU
		{33512C50-852A-4430-A63C-93D018B2A148}.Release|Any CPU.ActiveCfg = Release|Any CPU
		{33512C50-852A-4430-A63C-93D018B2A148}.Release|Any CPU.Build.0 = Release|Any CPU
		{1F7A4DB1-536B-456D-820A-3EFAA0CD9532}.Debug|Any CPU.ActiveCfg = Debug|Any CPU
		{1F7A4DB1-536B-456D-820A-3EFAA0CD9532}.Debug|Any CPU.Build.0 = Debug|Any CPU
		{1F7A4DB1-536B-456D-820A-3EFAA0CD9532}.Release|Any CPU.ActiveCfg = Release|Any CPU
		{1F7A4DB1-536B-456D-820A-3EFAA0CD9532}.Release|Any CPU.Build.0 = Release|Any CPU
		{6A4BB786-B26E-4A0F-A0D1-04FF3724ADD1}.Debug|Any CPU.ActiveCfg = Debug|Any CPU
		{6A4BB786-B26E-4A0F-A0D1-04FF3724ADD1}.Debug|Any CPU.Build.0 = Debug|Any CPU
		{6A4BB786-B26E-4A0F-A0D1-04FF3724ADD1}.Release|Any CPU.ActiveCfg = Release|Any CPU
		{6A4BB786-B26E-4A0F-A0D1-04FF3724ADD1}.Release|Any CPU.Build.0 = Release|Any CPU
		{0DDD6620-0991-43A2-9019-BEF66FE1FEEE}.Debug|Any CPU.ActiveCfg = Debug|Any CPU
		{0DDD6620-0991-43A2-9019-BEF66FE1FEEE}.Debug|Any CPU.Build.0 = Debug|Any CPU
		{0DDD6620-0991-43A2-9019-BEF66FE1FEEE}.Release|Any CPU.ActiveCfg = Release|Any CPU
		{0DDD6620-0991-43A2-9019-BEF66FE1FEEE}.Release|Any CPU.Build.0 = Release|Any CPU
		{52C7C851-70D9-429F-B870-A757D0CD5C74}.Debug|Any CPU.ActiveCfg = Debug|Any CPU
		{52C7C851-70D9-429F-B870-A757D0CD5C74}.Debug|Any CPU.Build.0 = Debug|Any CPU
		{52C7C851-70D9-429F-B870-A757D0CD5C74}.Release|Any CPU.ActiveCfg = Release|Any CPU
		{52C7C851-70D9-429F-B870-A757D0CD5C74}.Release|Any CPU.Build.0 = Release|Any CPU
		{644E1B78-7145-482D-9BEE-4CEB3025F05F}.Debug|Any CPU.ActiveCfg = Debug|Any CPU
		{644E1B78-7145-482D-9BEE-4CEB3025F05F}.Debug|Any CPU.Build.0 = Debug|Any CPU
		{644E1B78-7145-482D-9BEE-4CEB3025F05F}.Release|Any CPU.ActiveCfg = Release|Any CPU
		{644E1B78-7145-482D-9BEE-4CEB3025F05F}.Release|Any CPU.Build.0 = Release|Any CPU
		{62780DF6-DC3B-499C-B335-1947D364E398}.Debug|Any CPU.ActiveCfg = Debug|Any CPU
		{62780DF6-DC3B-499C-B335-1947D364E398}.Debug|Any CPU.Build.0 = Debug|Any CPU
		{62780DF6-DC3B-499C-B335-1947D364E398}.Release|Any CPU.ActiveCfg = Release|Any CPU
		{62780DF6-DC3B-499C-B335-1947D364E398}.Release|Any CPU.Build.0 = Release|Any CPU
	EndGlobalSection
	GlobalSection(SolutionProperties) = preSolution
		HideSolutionNode = FALSE
	EndGlobalSection
	GlobalSection(NestedProjects) = preSolution
		{33512C50-852A-4430-A63C-93D018B2A148} = {93EB953A-6179-4238-81DF-12CC1D61B576}
		{1F7A4DB1-536B-456D-820A-3EFAA0CD9532} = {1361EB28-277D-4087-928B-956FE8807298}
		{6A4BB786-B26E-4A0F-A0D1-04FF3724ADD1} = {1361EB28-277D-4087-928B-956FE8807298}
		{0DDD6620-0991-43A2-9019-BEF66FE1FEEE} = {F3AE6DA6-31EB-4B91-9581-286CDCA9E2AC}
		{52C7C851-70D9-429F-B870-A757D0CD5C74} = {B786FF85-9545-4496-9A15-B2302C8626A7}
		{644E1B78-7145-482D-9BEE-4CEB3025F05F} = {F3AE6DA6-31EB-4B91-9581-286CDCA9E2AC}
		{62780DF6-DC3B-499C-B335-1947D364E398} = {F3AE6DA6-31EB-4B91-9581-286CDCA9E2AC}
	EndGlobalSection
EndGlobal
